
Microsoft Visual Studio Solution File, Format Version 12.00
# Visual Studio Version 16
VisualStudioVersion = 16.0.30011.22
MinimumVisualStudioVersion = 10.0.40219.1
Project("{9A19103F-16F7-4668-BE54-9A1E7A4F7556}") = "data_str", "data_str\data_str.csproj", "{65B8782E-9052-4103-9E78-58D9BD41F9CA}"
EndProject
Project("{FAE04EC0-301F-11D3-BF4B-00C04F79EFBC}") = "data", "data\data.csproj", "{DF28B62A-1E1B-4726-A9D4-0415114981FA}"
EndProject
Global
	GlobalSection(SolutionConfigurationPlatforms) = preSolution
		Debug|Any CPU = Debug|Any CPU
		Release|Any CPU = Release|Any CPU
	EndGlobalSection
	GlobalSection(ProjectConfigurationPlatforms) = postSolution
		{65B8782E-9052-4103-9E78-58D9BD41F9CA}.Debug|Any CPU.ActiveCfg = Debug|Any CPU
		{65B8782E-9052-4103-9E78-58D9BD41F9CA}.Debug|Any CPU.Build.0 = Debug|Any CPU
		{65B8782E-9052-4103-9E78-58D9BD41F9CA}.Release|Any CPU.ActiveCfg = Release|Any CPU
		{65B8782E-9052-4103-9E78-58D9BD41F9CA}.Release|Any CPU.Build.0 = Release|Any CPU
		{DF28B62A-1E1B-4726-A9D4-0415114981FA}.Debug|Any CPU.ActiveCfg = Debug|Any CPU
		{DF28B62A-1E1B-4726-A9D4-0415114981FA}.Debug|Any CPU.Build.0 = Debug|Any CPU
		{DF28B62A-1E1B-4726-A9D4-0415114981FA}.Release|Any CPU.ActiveCfg = Release|Any CPU
		{DF28B62A-1E1B-4726-A9D4-0415114981FA}.Release|Any CPU.Build.0 = Release|Any CPU
	EndGlobalSection
	GlobalSection(SolutionProperties) = preSolution
		HideSolutionNode = FALSE
	EndGlobalSection
	GlobalSection(ExtensibilityGlobals) = postSolution
		SolutionGuid = {F7313C67-9821-43E8-872D-40B4D0B690EC}
	EndGlobalSection
EndGlobal
